
Microsoft Visual Studio Solution File, Format Version 12.00
# Visual Studio 15
VisualStudioVersion = 15.0.27004.2008
MinimumVisualStudioVersion = 10.0.40219.1
Project("{FAE04EC0-301F-11D3-BF4B-00C04F79EFBC}") = "Scanner", "ScannerV2\Scanner.csproj", "{FE0472F2-5016-4180-9300-371B19EAB3D1}"
EndProject
Global
	GlobalSection(SolutionConfigurationPlatforms) = preSolution
		Debug|Any CPU = Debug|Any CPU
		Release|Any CPU = Release|Any CPU
	EndGlobalSection
	GlobalSection(ProjectConfigurationPlatforms) = postSolution
		{FE0472F2-5016-4180-9300-371B19EAB3D1}.Debug|Any CPU.ActiveCfg = Debug|Any CPU
		{FE0472F2-5016-4180-9300-371B19EAB3D1}.Debug|Any CPU.Build.0 = Debug|Any CPU
		{FE0472F2-5016-4180-9300-371B19EAB3D1}.Release|Any CPU.ActiveCfg = Release|Any CPU
		{FE0472F2-5016-4180-9300-371B19EAB3D1}.Release|Any CPU.Build.0 = Release|Any CPU
	EndGlobalSection
	GlobalSection(SolutionProperties) = preSolution
		HideSolutionNode = FALSE
	EndGlobalSection
	GlobalSection(ExtensibilityGlobals) = postSolution
		SolutionGuid = {488DC977-8D62-4354-A465-6234068107BF}
	EndGlobalSection
EndGlobal
